
Microsoft Visual Studio Solution File, Format Version 12.00
# Visual Studio Version 16
VisualStudioVersion = 16.0.31321.278
MinimumVisualStudioVersion = 10.0.40219.1
Project("{FAE04EC0-301F-11D3-BF4B-00C04F79EFBC}") = "TareaElementosBasicos", "TareaElementosBasicos\TareaElementosBasicos.csproj", "{9C50A53F-872B-41B4-8939-A5C768911D87}"
EndProject
Global
	GlobalSection(SolutionConfigurationPlatforms) = preSolution
		Debug|Any CPU = Debug|Any CPU
		Release|Any CPU = Release|Any CPU
	EndGlobalSection
	GlobalSection(ProjectConfigurationPlatforms) = postSolution
		{9C50A53F-872B-41B4-8939-A5C768911D87}.Debug|Any CPU.ActiveCfg = Debug|Any CPU
		{9C50A53F-872B-41B4-8939-A5C768911D87}.Debug|Any CPU.Build.0 = Debug|Any CPU
		{9C50A53F-872B-41B4-8939-A5C768911D87}.Release|Any CPU.ActiveCfg = Release|Any CPU
		{9C50A53F-872B-41B4-8939-A5C768911D87}.Release|Any CPU.Build.0 = Release|Any CPU
	EndGlobalSection
	GlobalSection(SolutionProperties) = preSolution
		HideSolutionNode = FALSE
	EndGlobalSection
	GlobalSection(ExtensibilityGlobals) = postSolution
		SolutionGuid = {4FF37D52-4AC8-45E9-BC03-482A6209ED7A}
	EndGlobalSection
EndGlobal
